
Microsoft Visual Studio Solution File, Format Version 12.00
# Visual Studio Version 17
VisualStudioVersion = 17.0.31912.275
MinimumVisualStudioVersion = 10.0.40219.1
Project("{2150E333-8FDC-42A3-9474-1A3956D46DE8}") = "0. Api", "0. Api", "{523A22E0-FF5B-4536-92EF-0339E21FF556}"
EndProject
Project("{2150E333-8FDC-42A3-9474-1A3956D46DE8}") = "1. Common", "1. Common", "{431C200B-984D-451F-B476-BE3BCB1E62BC}"
EndProject
Project("{2150E333-8FDC-42A3-9474-1A3956D46DE8}") = "2. Infrastructure", "2. Infrastructure", "{C9A4246E-AE2B-4206-8955-81A397924A57}"
EndProject
Project("{9A19103F-16F7-4668-BE54-9A1E7A4F7556}") = "CapgeminiDDD.Infrastructure.Repository", "CapgeminiDDD.Infrastructure.Repository\CapgeminiDDD.Infrastructure.Repository.csproj", "{10804AE8-8667-4D34-B66A-311400384770}"
EndProject
Project("{9A19103F-16F7-4668-BE54-9A1E7A4F7556}") = "CapgeminiDDD.Common.Model", "CapgeminiDDD.Common.Model\CapgeminiDDD.Common.Model.csproj", "{1A020612-CF2D-4DD8-8C4A-3164DD70FCA8}"
EndProject
Project("{FAE04EC0-301F-11D3-BF4B-00C04F79EFBC}") = "CapgeminiDDD.Web.Api", "CapgeminiDDD.Web.Api\CapgeminiDDD.Web.Api.csproj", "{12928376-4438-4E64-8CC1-6707FF0114FF}"
EndProject
Global
	GlobalSection(SolutionConfigurationPlatforms) = preSolution
		Debug|Any CPU = Debug|Any CPU
		Release|Any CPU = Release|Any CPU
	EndGlobalSection
	GlobalSection(ProjectConfigurationPlatforms) = postSolution
		{10804AE8-8667-4D34-B66A-311400384770}.Debug|Any CPU.ActiveCfg = Debug|Any CPU
		{10804AE8-8667-4D34-B66A-311400384770}.Debug|Any CPU.Build.0 = Debug|Any CPU
		{10804AE8-8667-4D34-B66A-311400384770}.Release|Any CPU.ActiveCfg = Release|Any CPU
		{10804AE8-8667-4D34-B66A-311400384770}.Release|Any CPU.Build.0 = Release|Any CPU
		{1A020612-CF2D-4DD8-8C4A-3164DD70FCA8}.Debug|Any CPU.ActiveCfg = Debug|Any CPU
		{1A020612-CF2D-4DD8-8C4A-3164DD70FCA8}.Debug|Any CPU.Build.0 = Debug|Any CPU
		{1A020612-CF2D-4DD8-8C4A-3164DD70FCA8}.Release|Any CPU.ActiveCfg = Release|Any CPU
		{1A020612-CF2D-4DD8-8C4A-3164DD70FCA8}.Release|Any CPU.Build.0 = Release|Any CPU
		{12928376-4438-4E64-8CC1-6707FF0114FF}.Debug|Any CPU.ActiveCfg = Debug|Any CPU
		{12928376-4438-4E64-8CC1-6707FF0114FF}.Debug|Any CPU.Build.0 = Debug|Any CPU
		{12928376-4438-4E64-8CC1-6707FF0114FF}.Release|Any CPU.ActiveCfg = Release|Any CPU
		{12928376-4438-4E64-8CC1-6707FF0114FF}.Release|Any CPU.Build.0 = Release|Any CPU
	EndGlobalSection
	GlobalSection(SolutionProperties) = preSolution
		HideSolutionNode = FALSE
	EndGlobalSection
	GlobalSection(NestedProjects) = preSolution
		{10804AE8-8667-4D34-B66A-311400384770} = {C9A4246E-AE2B-4206-8955-81A397924A57}
		{1A020612-CF2D-4DD8-8C4A-3164DD70FCA8} = {431C200B-984D-451F-B476-BE3BCB1E62BC}
		{12928376-4438-4E64-8CC1-6707FF0114FF} = {523A22E0-FF5B-4536-92EF-0339E21FF556}
	EndGlobalSection
	GlobalSection(ExtensibilityGlobals) = postSolution
		SolutionGuid = {1119A250-ECF3-4B6A-B731-172D4784A34E}
	EndGlobalSection
EndGlobal
